
Microsoft Visual Studio Solution File, Format Version 12.00
# Visual Studio Version 17
VisualStudioVersion = 17.5.33414.496
MinimumVisualStudioVersion = 10.0.40219.1
Project("{8BC9CEB8-8B4A-11D0-8D11-00A0C91BC942}") = "latihan4_166", "latihan4_166.vcxproj", "{101AEB8D-75EF-4255-B930-9F18257B4E75}"
EndProject
Project("{8BC9CEB8-8B4A-11D0-8D11-00A0C91BC942}") = "latihan5_166", "..\latihan5_166\latihan5_166.vcxproj", "{B4F8F529-291A-4539-97D8-F679D6E54B29}"
EndProject
Global
	GlobalSection(SolutionConfigurationPlatforms) = preSolution
		Debug|x64 = Debug|x64
		Debug|x86 = Debug|x86
		Release|x64 = Release|x64
		Release|x86 = Release|x86
	EndGlobalSection
	GlobalSection(ProjectConfigurationPlatforms) = postSolution
		{101AEB8D-75EF-4255-B930-9F18257B4E75}.Debug|x64.ActiveCfg = Debug|x64
		{101AEB8D-75EF-4255-B930-9F18257B4E75}.Debug|x64.Build.0 = Debug|x64
		{101AEB8D-75EF-4255-B930-9F18257B4E75}.Debug|x86.ActiveCfg = Debug|Win32
		{101AEB8D-75EF-4255-B930-9F18257B4E75}.Debug|x86.Build.0 = Debug|Win32
		{101AEB8D-75EF-4255-B930-9F18257B4E75}.Release|x64.ActiveCfg = Release|x64
		{101AEB8D-75EF-4255-B930-9F18257B4E75}.Release|x64.Build.0 = Release|x64
		{101AEB8D-75EF-4255-B930-9F18257B4E75}.Release|x86.ActiveCfg = Release|Win32
		{101AEB8D-75EF-4255-B930-9F18257B4E75}.Release|x86.Build.0 = Release|Win32
		{B4F8F529-291A-4539-97D8-F679D6E54B29}.Debug|x64.ActiveCfg = Debug|x64
		{B4F8F529-291A-4539-97D8-F679D6E54B29}.Debug|x64.Build.0 = Debug|x64
		{B4F8F529-291A-4539-97D8-F679D6E54B29}.Debug|x86.ActiveCfg = Debug|Win32
		{B4F8F529-291A-4539-97D8-F679D6E54B29}.Debug|x86.Build.0 = Debug|Win32
		{B4F8F529-291A-4539-97D8-F679D6E54B29}.Release|x64.ActiveCfg = Release|x64
		{B4F8F529-291A-4539-97D8-F679D6E54B29}.Release|x64.Build.0 = Release|x64
		{B4F8F529-291A-4539-97D8-F679D6E54B29}.Release|x86.ActiveCfg = Release|Win32
		{B4F8F529-291A-4539-97D8-F679D6E54B29}.Release|x86.Build.0 = Release|Win32
	EndGlobalSection
	GlobalSection(SolutionProperties) = preSolution
		HideSolutionNode = FALSE
	EndGlobalSection
	GlobalSection(ExtensibilityGlobals) = postSolution
		SolutionGuid = {EE9D25F1-5901-4490-82DF-34EE45443B74}
	EndGlobalSection
EndGlobal
